// !$*UTF8*$!
{
	archiveVersion = 1;
	classes = {
	};
	objectVersion = 50;
	objects = {

/* Begin PBXBuildFile section */
		B8DDEED5264D5734005CEDB8 /* AppDelegate.swift in Sources */ = {isa = PBXBuildFile; fileRef = B8DDEED4264D5734005CEDB8 /* AppDelegate.swift */; };
		B8DDEED7264D5734005CEDB8 /* SceneDelegate.swift in Sources */ = {isa = PBXBuildFile; fileRef = B8DDEED6264D5734005CEDB8 /* SceneDelegate.swift */; };
		B8DDEED9264D5734005CEDB8 /* ViewController.swift in Sources */ = {isa = PBXBuildFile; fileRef = B8DDEED8264D5734005CEDB8 /* ViewController.swift */; };
		B8DDEEDC264D5734005CEDB8 /* Main.storyboard in Resources */ = {isa = PBXBuildFile; fileRef = B8DDEEDA264D5734005CEDB8 /* Main.storyboard */; };
		B8DDEEDE264D5743005CEDB8 /* Assets.xcassets in Resources */ = {isa = PBXBuildFile; fileRef = B8DDEEDD264D5743005CEDB8 /* Assets.xcassets */; };
		B8DDEEE1264D5743005CEDB8 /* LaunchScreen.storyboard in Resources */ = {isa = PBXBuildFile; fileRef = B8DDEEDF264D5743005CEDB8 /* LaunchScreen.storyboard */; };
/* End PBXBuildFile section */

/* Begin PBXFileReference section */
		B8DDEED1264D5733005CEDB8 /* Marvel Comics.app */ = {isa = PBXFileReference; explicitFileType = wrapper.application; includeInIndex = 0; path = "Marvel Comics.app"; sourceTree = BUILT_PRODUCTS_DIR; };
		B8DDEED4264D5734005CEDB8 /* AppDelegate.swift */ = {isa = PBXFileReference; lastKnownFileType = sourcecode.swift; path = AppDelegate.swift; sourceTree = "<group>"; };
		B8DDEED6264D5734005CEDB8 /* SceneDelegate.swift */ = {isa = PBXFileReference; lastKnownFileType = sourcecode.swift; path = SceneDelegate.swift; sourceTree = "<group>"; };
		B8DDEED8264D5734005CEDB8 /* ViewController.swift */ = {isa = PBXFileReference; lastKnownFileType = sourcecode.swift; path = ViewController.swift; sourceTree = "<group>"; };
		B8DDEEDB264D5734005CEDB8 /* Base */ = {isa = PBXFileReference; lastKnownFileType = file.storyboard; name = Base; path = Base.lproj/Main.storyboard; sourceTree = "<group>"; };
		B8DDEEDD264D5743005CEDB8 /* Assets.xcassets */ = {isa = PBXFileReference; lastKnownFileType = folder.assetcatalog; path = Assets.xcassets; sourceTree = "<group>"; };
		B8DDEEE0264D5743005CEDB8 /* Base */ = {isa = PBXFileReference; lastKnownFileType = file.storyboard; name = Base; path = Base.lproj/LaunchScreen.storyboard; sourceTree = "<group>"; };
		B8DDEEE2264D5743005CEDB8 /* Info.plist */ = {isa = PBXFileReference; lastKnownFileType = text.plist.xml; path = Info.plist; sourceTree = "<group>"; };
/* End PBXFileReference section */

/* Begin PBXFrameworksBuildPhase section */
		B8DDEECE264D5733005CEDB8 /* Frameworks */ = {
			isa = PBXFrameworksBuildPhase;
			buildActionMask = 2147483647;
			files = (
			);
			runOnlyForDeploymentPostprocessing = 0;
		};
/* End PBXFrameworksBuildPhase section */

/* Begin PBXGroup section */
		B8DDEEC8264D5733005CEDB8 = {
			isa = PBXGroup;
			children = (
				B8DDEED3264D5733005CEDB8 /* Marvel Comics */,
				B8DDEED2264D5733005CEDB8 /* Products */,
			);
			sourceTree = "<group>";
		};
		B8DDEED2264D5733005CEDB8 /* Products */ = {
			isa = PBXGroup;
			children = (
				B8DDEED1264D5733005CEDB8 /* Marvel Comics.app */,
			);
			name = Products;
			sourceTree = "<group>";
		};
		B8DDEED3264D5733005CEDB8 /* Marvel Comics */ = {
			isa = PBXGroup;
			children = (
				B8DDEED4264D5734005CEDB8 /* AppDelegate.swift */,
				B8DDEED6264D5734005CEDB8 /* SceneDelegate.swift */,
				B8DDEED8264D5734005CEDB8 /* ViewController.swift */,
				B8DDEEDA264D5734005CEDB8 /* Main.storyboard */,
				B8DDEEDD264D5743005CEDB8 /* Assets.xcassets */,
				B8DDEEDF264D5743005CEDB8 /* LaunchScreen.storyboard */,
				B8DDEEE2264D5743005CEDB8 /* Info.plist */,
			);
			path = "Marvel Comics";
			sourceTree = "<group>";
		};
/* End PBXGroup section */

/* Begin PBXNativeTarget section */
		B8DDEED0264D5733005CEDB8 /* Marvel Comics */ = {
			isa = PBXNativeTarget;
			buildConfigurationList = B8DDEEE5264D5744005CEDB8 /* Build configuration list for PBXNativeTarget "Marvel Comics" */;
			buildPhases = (
				B8DDEECD264D5733005CEDB8 /* Sources */,
				B8DDEECE264D5733005CEDB8 /* Frameworks */,
				B8DDEECF264D5733005CEDB8 /* Resources */,
			);
			buildRules = (
			);
			dependencies = (
			);
			name = "Marvel Comics";
			productName = "Marvel Comics";
			productReference = B8DDEED1264D5733005CEDB8 /* Marvel Comics.app */;
			productType = "com.apple.product-type.application";
		};
/* End PBXNativeTarget section */

/* Begin PBXProject section */
		B8DDEEC9264D5733005CEDB8 /* Project object */ = {
			isa = PBXProject;
			attributes = {
				LastSwiftUpdateCheck = 1130;
				LastUpgradeCheck = 1130;
				ORGANIZATIONNAME = "Yasmin Oliveira";
				TargetAttributes = {
					B8DDEED0264D5733005CEDB8 = {
						CreatedOnToolsVersion = 11.3.1;
					};
				};
			};
			buildConfigurationList = B8DDEECC264D5733005CEDB8 /* Build configuration list for PBXProject "Marvel Comics" */;
			compatibilityVersion = "Xcode 9.3";
			developmentRegion = en;
			hasScannedForEncodings = 0;
			knownRegions = (
				en,
				Base,
			);
			mainGroup = B8DDEEC8264D5733005CEDB8;
			productRefGroup = B8DDEED2264D5733005CEDB8 /* Products */;
			projectDirPath = "";
			projectRoot = "";
			targets = (
				B8DDEED0264D5733005CEDB8 /* Marvel Comics */,
			);
		};
/* End PBXProject section */

/* Begin PBXResourcesBuildPhase section */
		B8DDEECF264D5733005CEDB8 /* Resources */ = {
			isa = PBXResourcesBuildPhase;
			buildActionMask = 2147483647;
			files = (
				B8DDEEE1264D5743005CEDB8 /* LaunchScreen.storyboard in Resources */,
				B8DDEEDE264D5743005CEDB8 /* Assets.xcassets in Resources */,
				B8DDEEDC264D5734005CEDB8 /* Main.storyboard in Resources */,
			);
			runOnlyForDeploymentPostprocessing = 0;
		};
/* End PBXResourcesBuildPhase section */

/* Begin PBXSourcesBuildPhase section */
		B8DDEECD264D5733005CEDB8 /* Sources */ = {
			isa = PBXSourcesBuildPhase;
			buildActionMask = 2147483647;
			files = (
				B8DDEED9264D5734005CEDB8 /* ViewController.swift in Sources */,
				B8DDEED5264D5734005CEDB8 /* AppDelegate.swift in Sources */,
				B8DDEED7264D5734005CEDB8 /* SceneDelegate.swift in Sources */,
			);
			runOnlyForDeploymentPostprocessing = 0;
		};
/* End PBXSourcesBuildPhase section */

/* Begin PBXVariantGroup section */
		B8DDEEDA264D5734005CEDB8 /* Main.storyboard */ = {
			isa = PBXVariantGroup;
			children = (
				B8DDEEDB264D5734005CEDB8 /* Base */,
			);
			name = Main.storyboard;
			sourceTree = "<group>";
		};
		B8DDEEDF264D5743005CEDB8 /* LaunchScreen.storyboard */ = {
			isa = PBXVariantGroup;
			children = (
				B8DDEEE0264D5743005CEDB8 /* Base */,
			);
			name = LaunchScreen.storyboard;
			sourceTree = "<group>";
		};
/* End PBXVariantGroup section */

/* Begin XCBuildConfiguration section */
		B8DDEEE3264D5743005CEDB8 /* Debug */ = {
			isa = XCBuildConfiguration;
			buildSettings = {
				ALWAYS_SEARCH_USER_PATHS = NO;
				CLANG_ANALYZER_NONNULL = YES;
				CLANG_ANALYZER_NUMBER_OBJECT_CONVERSION = YES_AGGRESSIVE;
				CLANG_CXX_LANGUAGE_STANDARD = "gnu++14";
				CLANG_CXX_LIBRARY = "libc++";
				CLANG_ENABLE_MODULES = YES;
				CLANG_ENABLE_OBJC_ARC = YES;
				CLANG_ENABLE_OBJC_WEAK = YES;
				CLANG_WARN_BLOCK_CAPTURE_AUTORELEASING = YES;
				CLANG_WARN_BOOL_CONVERSION = YES;
				CLANG_WARN_COMMA = YES;
				CLANG_WARN_CONSTANT_CONVERSION = YES;
				CLANG_WARN_DEPRECATED_OBJC_IMPLEMENTATIONS = YES;
				CLANG_WARN_DIRECT_OBJC_ISA_USAGE = YES_ERROR;
				CLANG_WARN_DOCUMENTATION_COMMENTS = YES;
				CLANG_WARN_EMPTY_BODY = YES;
				CLANG_WARN_ENUM_CONVERSION = YES;
				CLANG_WARN_INFINITE_RECURSION = YES;
				CLANG_WARN_INT_CONVERSION = YES;
				CLANG_WARN_NON_LITERAL_NULL_CONVERSION = YES;
				CLANG_WARN_OBJC_IMPLICIT_RETAIN_SELF = YES;
				CLANG_WARN_OBJC_LITERAL_CONVERSION = YES;
				CLANG_WARN_OBJC_ROOT_CLASS = YES_ERROR;
				CLANG_WARN_RANGE_LOOP_ANALYSIS = YES;
				CLANG_WARN_STRICT_PROTOTYPES = YES;
				CLANG_WARN_SUSPICIOUS_MOVE = YES;
				CLANG_WARN_UNGUARDED_AVAILABILITY = YES_AGGRESSIVE;
				CLANG_WARN_UNREACHABLE_CODE = YES;
				CLANG_WARN__DUPLICATE_METHOD_MATCH = YES;
				COPY_PHASE_STRIP = NO;
				DEBUG_INFORMATION_FORMAT = dwarf;
				ENABLE_STRICT_OBJC_MSGSEND = YES;
				ENABLE_TESTABILITY = YES;
				GCC_C_LANGUAGE_STANDARD = gnu11;
				GCC_DYNAMIC_NO_PIC = NO;
				GCC_NO_COMMON_BLOCKS = YES;
				GCC_OPTIMIZATION_LEVEL = 0;
				GCC_PREPROCESSOR_DEFINITIONS = (
					"DEBUG=1",
					"$(inherited)",
				);
				GCC_WARN_64_TO_32_BIT_CONVERSION = YES;
				GCC_WARN_ABOUT_RETURN_TYPE = YES_ERROR;
				GCC_WARN_UNDECLARED_SELECTOR = YES;
				GCC_WARN_UNINITIALIZED_AUTOS = YES_AGGRESSIVE;
				GCC_WARN_UNUSED_FUNCTION = YES;
				GCC_WARN_UNUSED_VARIABLE = YES;
				IPHONEOS_DEPLOYMENT_TARGET = 13.2;
				MTL_ENABLE_DEBUG_INFO = INCLUDE_SOURCE;
				MTL_FAST_MATH = YES;
				ONLY_ACTIVE_ARCH = YES;
				SDKROOT = iphoneos;
				SWIFT_ACTIVE_COMPILATION_CONDITIONS = DEBUG;
				SWIFT_OPTIMIZATION_LEVEL = "-Onone";
			};
			name = Debug;
		};
		B8DDEEE4264D5743005CEDB8 /* Release */ = {
			isa = XCBuildConfiguration;
			buildSettings = {
				ALWAYS_SEARCH_USER_PATHS = NO;
				CLANG_ANALYZER_NONNULL = YES;
				CLANG_ANALYZER_NUMBER_OBJECT_CONVERSION = YES_AGGRESSIVE;
				CLANG_CXX_LANGUAGE_STANDARD = "gnu++14";
				CLANG_CXX_LIBRARY = "libc++";
				CLANG_ENABLE_MODULES = YES;
				CLANG_ENABLE_OBJC_ARC = YES;
				CLANG_ENABLE_OBJC_WEAK = YES;
				CLANG_WARN_BLOCK_CAPTURE_AUTORELEASING = YES;
				CLANG_WARN_BOOL_CONVERSION = YES;
				CLANG_WARN_COMMA = YES;
				CLANG_WARN_CONSTANT_CONVERSION = YES;
				CLANG_WARN_DEPRECATED_OBJC_IMPLEMENTATIONS = YES;
				CLANG_WARN_DIRECT_OBJC_ISA_USAGE = YES_ERROR;
				CLANG_WARN_DOCUMENTATION_COMMENTS = YES;
				CLANG_WARN_EMPTY_BODY = YES;
				CLANG_WARN_ENUM_CONVERSION = YES;
				CLANG_WARN_INFINITE_RECURSION = YES;
				CLANG_WARN_INT_CONVERSION = YES;
				CLANG_WARN_NON_LITERAL_NULL_CONVERSION = YES;
				CLANG_WARN_OBJC_IMPLICIT_RETAIN_SELF = YES;
				CLANG_WARN_OBJC_LITERAL_CONVERSION = YES;
				CLANG_WARN_OBJC_ROOT_CLASS = YES_ERROR;
				CLANG_WARN_RANGE_LOOP_ANALYSIS = YES;
				CLANG_WARN_STRICT_PROTOTYPES = YES;
				CLANG_WARN_SUSPICIOUS_MOVE = YES;
				CLANG_WARN_UNGUARDED_AVAILABILITY = YES_AGGRESSIVE;
				CLANG_WARN_UNREACHABLE_CODE = YES;
				CLANG_WARN__DUPLICATE_METHOD_MATCH = YES;
				COPY_PHASE_STRIP = NO;
				DEBUG_INFORMATION_FORMAT = "dwarf-with-dsym";
				ENABLE_NS_ASSERTIONS = NO;
				ENABLE_STRICT_OBJC_MSGSEND = YES;
				GCC_C_LANGUAGE_STANDARD = gnu11;
				GCC_NO_COMMON_BLOCKS = YES;
				GCC_WARN_64_TO_32_BIT_CONVERSION = YES;
				GCC_WARN_ABOUT_RETURN_TYPE = YES_ERROR;
				GCC_WARN_UNDECLARED_SELECTOR = YES;
				GCC_WARN_UNINITIALIZED_AUTOS = YES_AGGRESSIVE;
				GCC_WARN_UNUSED_FUNCTION = YES;
				GCC_WARN_UNUSED_VARIABLE = YES;
				IPHONEOS_DEPLOYMENT_TARGET = 13.2;
				MTL_ENABLE_DEBUG_INFO = NO;
				MTL_FAST_MATH = YES;
				SDKROOT = iphoneos;
				SWIFT_COMPILATION_MODE = wholemodule;
				SWIFT_OPTIMIZATION_LEVEL = "-O";
				VALIDATE_PRODUCT = YES;
			};
			name = Release;
		};
		B8DDEEE6264D5744005CEDB8 /* Debug */ = {
			isa = XCBuildConfiguration;
			buildSettings = {
				ASSETCATALOG_COMPILER_APPICON_NAME = AppIcon;
				CODE_SIGN_STYLE = Automatic;
				INFOPLIST_FILE = "Marvel Comics/Info.plist";
				LD_RUNPATH_SEARCH_PATHS = (
					"$(inherited)",
					"@executable_path/Frameworks",
				);
				PRODUCT_BUNDLE_IDENTIFIER = "br.com.yasmin.Marvel-Comics";
				PRODUCT_NAME = "$(TARGET_NAME)";
				SWIFT_VERSION = 5.0;
				TARGETED_DEVICE_FAMILY = "1,2";
			};
			name = Debug;
		};
		B8DDEEE7264D5744005CEDB8 /* Release */ = {
			isa = XCBuildConfiguration;
			buildSettings = {
				ASSETCATALOG_COMPILER_APPICON_NAME = AppIcon;
				CODE_SIGN_STYLE = Automatic;
				INFOPLIST_FILE = "Marvel Comics/Info.plist";
				LD_RUNPATH_SEARCH_PATHS = (
					"$(inherited)",
					"@executable_path/Frameworks",
				);
				PRODUCT_BUNDLE_IDENTIFIER = "br.com.yasmin.Marvel-Comics";
				PRODUCT_NAME = "$(TARGET_NAME)";
				SWIFT_VERSION = 5.0;
				TARGETED_DEVICE_FAMILY = "1,2";
			};
			name = Release;
		};
/* End XCBuildConfiguration section */

/* Begin XCConfigurationList section */
		B8DDEECC264D5733005CEDB8 /* Build configuration list for PBXProject "Marvel Comics" */ = {
			isa = XCConfigurationList;
			buildConfigurations = (
				B8DDEEE3264D5743005CEDB8 /* Debug */,
				B8DDEEE4264D5743005CEDB8 /* Release */,
			);
			defaultConfigurationIsVisible = 0;
			defaultConfigurationName = Release;
		};
		B8DDEEE5264D5744005CEDB8 /* Build configuration list for PBXNativeTarget "Marvel Comics" */ = {
			isa = XCConfigurationList;
			buildConfigurations = (
				B8DDEEE6264D5744005CEDB8 /* Debug */,
				B8DDEEE7264D5744005CEDB8 /* Release */,
			);
			defaultConfigurationIsVisible = 0;
			defaultConfigurationName = Release;
		};
/* End XCConfigurationList section */
	};
	rootObject = B8DDEEC9264D5733005CEDB8 /* Project object */;
}
